// !$*UTF8*$!
{
	archiveVersion = 1;
	classes = {
	};
	objectVersion = 46;
	objects = {

/* Begin PBXBuildFile section */
		5815F19E1E87455A00FFAE40 /* NumbersConvertion.swift in Sources */ = {isa = PBXBuildFile; fileRef = 5815F19D1E87455A00FFAE40 /* NumbersConvertion.swift */; };
		5822DFDD1F5D957200A5C8D7 /* SHMailExtension.swift in Sources */ = {isa = PBXBuildFile; fileRef = 5822DFDC1F5D957200A5C8D7 /* SHMailExtension.swift */; };
		58272EA31C6CF20B00D7A3BF /* ArrayExtensionTests.swift in Sources */ = {isa = PBXBuildFile; fileRef = B0BF993E1A66C3660085ADA4 /* ArrayExtensionTests.swift */; };
		58272EA41C6CF21300D7A3BF /* IntExtensionTests.swift in Sources */ = {isa = PBXBuildFile; fileRef = B0BF99401A66C4510085ADA4 /* IntExtensionTests.swift */; };
		58272EA51C6CF21A00D7A3BF /* NSDateExtensionTests.swift in Sources */ = {isa = PBXBuildFile; fileRef = B0BF98F21A667CFA0085ADA4 /* NSDateExtensionTests.swift */; };
		58272EA61C6CF22300D7A3BF /* ComparisonHelperTests.swift in Sources */ = {isa = PBXBuildFile; fileRef = B075FF701A6D10D200ACD798 /* ComparisonHelperTests.swift */; };
		58272EA71C6CF22900D7A3BF /* UIColorExtensionTests.swift in Sources */ = {isa = PBXBuildFile; fileRef = B066D6851A7646900069C258 /* UIColorExtensionTests.swift */; };
		58272EA81C6CF23100D7A3BF /* StringExtensionTests.swift in Sources */ = {isa = PBXBuildFile; fileRef = B053A0071AC353D700278644 /* StringExtensionTests.swift */; };
		586B734F1C83A90500934192 /* SHOperationTests.swift in Sources */ = {isa = PBXBuildFile; fileRef = 586B734E1C83A90500934192 /* SHOperationTests.swift */; };
		588D09B41E88965D002D7AB8 /* SHNamedEntity.swift in Sources */ = {isa = PBXBuildFile; fileRef = 588D09B31E88965D002D7AB8 /* SHNamedEntity.swift */; };
		588D09B61E889BDB002D7AB8 /* SHComparisonHelpers.swift in Sources */ = {isa = PBXBuildFile; fileRef = 588D09B51E889BDB002D7AB8 /* SHComparisonHelpers.swift */; };
		58BF429B1C44014D009AE63D /* NSURLRequestCURLTests.swift in Sources */ = {isa = PBXBuildFile; fileRef = 58BF429A1C44014D009AE63D /* NSURLRequestCURLTests.swift */; };
		9C3D7BD01D2A67FB0017B3D6 /* SHNSObjectExtensionTests.swift in Sources */ = {isa = PBXBuildFile; fileRef = 9C3D7BCE1D2A66DE0017B3D6 /* SHNSObjectExtensionTests.swift */; };
		B045E7E11A695EA700046449 /* SwiftHelpers.podspec in Resources */ = {isa = PBXBuildFile; fileRef = B045E7E01A695EA700046449 /* SwiftHelpers.podspec */; };
		B09F59751B4204AB00EB9220 /* DateProximityTests.swift in Sources */ = {isa = PBXBuildFile; fileRef = B09F59741B4204AB00EB9220 /* DateProximityTests.swift */; };
		B0BF98E61A667CFA0085ADA4 /* SwiftHelpers.h in Headers */ = {isa = PBXBuildFile; fileRef = B0BF98E51A667CFA0085ADA4 /* SwiftHelpers.h */; settings = {ATTRIBUTES = (Public, ); }; };
		B0BF98EC1A667CFA0085ADA4 /* SwiftHelpers.framework in Frameworks */ = {isa = PBXBuildFile; fileRef = B0BF98E01A667CFA0085ADA4 /* SwiftHelpers.framework */; };
		F013D7FA1E2F81CF006437AB /* LocalizationTests.swift in Sources */ = {isa = PBXBuildFile; fileRef = F013D7F91E2F81CF006437AB /* LocalizationTests.swift */; };
		F013D7FE1E2F8577006437AB /* Localizable.strings in Resources */ = {isa = PBXBuildFile; fileRef = F013D8001E2F8577006437AB /* Localizable.strings */; };
		F013D89E1E2FA21D006437AB /* SHArrayExtension.swift in Sources */ = {isa = PBXBuildFile; fileRef = F013D8691E2FA21D006437AB /* SHArrayExtension.swift */; };
		F013D89F1E2FA21D006437AB /* SHComparisonHelper.swift in Sources */ = {isa = PBXBuildFile; fileRef = F013D86A1E2FA21D006437AB /* SHComparisonHelper.swift */; };
		F013D8A01E2FA21D006437AB /* SHDegreesToRadiansExtension.swift in Sources */ = {isa = PBXBuildFile; fileRef = F013D86B1E2FA21D006437AB /* SHDegreesToRadiansExtension.swift */; };
		F013D8A11E2FA21D006437AB /* SHDeviceType.swift in Sources */ = {isa = PBXBuildFile; fileRef = F013D86C1E2FA21D006437AB /* SHDeviceType.swift */; };
		F013D8A21E2FA21D006437AB /* SHIntExtension.swift in Sources */ = {isa = PBXBuildFile; fileRef = F013D86D1E2FA21D006437AB /* SHIntExtension.swift */; };
		F013D8A31E2FA21D006437AB /* SHNSDataExtension.swift in Sources */ = {isa = PBXBuildFile; fileRef = F013D86E1E2FA21D006437AB /* SHNSDataExtension.swift */; };
		F013D8A41E2FA21D006437AB /* SHNSObjectExtension.swift in Sources */ = {isa = PBXBuildFile; fileRef = F013D86F1E2FA21D006437AB /* SHNSObjectExtension.swift */; };
		F013D8A51E2FA21D006437AB /* SHNSTimerExtension.swift in Sources */ = {isa = PBXBuildFile; fileRef = F013D8701E2FA21D006437AB /* SHNSTimerExtension.swift */; };
		F013D8A61E2FA21D006437AB /* SHNumberExtension.swift in Sources */ = {isa = PBXBuildFile; fileRef = F013D8711E2FA21D006437AB /* SHNumberExtension.swift */; };
		F013D8A71E2FA21D006437AB /* SHOperation.swift in Sources */ = {isa = PBXBuildFile; fileRef = F013D8721E2FA21D006437AB /* SHOperation.swift */; };
		F013D8A81E2FA21D006437AB /* SHStringExtension.swift in Sources */ = {isa = PBXBuildFile; fileRef = F013D8731E2FA21D006437AB /* SHStringExtension.swift */; };
		F013D8A91E2FA21D006437AB /* URLRequestExtension.swift in Sources */ = {isa = PBXBuildFile; fileRef = F013D8741E2FA21D006437AB /* URLRequestExtension.swift */; };
		F013D8AA1E2FA21D006437AB /* SHCoreDataStack.swift in Sources */ = {isa = PBXBuildFile; fileRef = F013D8761E2FA21D006437AB /* SHCoreDataStack.swift */; };
		F013D8AB1E2FA21D006437AB /* SHManagedObjectContext+CascadeSave.swift in Sources */ = {isa = PBXBuildFile; fileRef = F013D8771E2FA21D006437AB /* SHManagedObjectContext+CascadeSave.swift */; };
		F013D8AC1E2FA21D006437AB /* SHDateFormatterProximity.swift in Sources */ = {isa = PBXBuildFile; fileRef = F013D8791E2FA21D006437AB /* SHDateFormatterProximity.swift */; };
		F013D8AD1E2FA21D006437AB /* SHNSDateExtension.swift in Sources */ = {isa = PBXBuildFile; fileRef = F013D87A1E2FA21D006437AB /* SHNSDateExtension.swift */; };
		F013D8AE1E2FA21D006437AB /* SHNSDateFormatterExtension.swift in Sources */ = {isa = PBXBuildFile; fileRef = F013D87B1E2FA21D006437AB /* SHNSDateFormatterExtension.swift */; };
		F013D8AF1E2FA21D006437AB /* SHNSTimeIntervalExtension.swift in Sources */ = {isa = PBXBuildFile; fileRef = F013D87C1E2FA21D006437AB /* SHNSTimeIntervalExtension.swift */; };
		F013D8B01E2FA21D006437AB /* SHCreditCardValidator.swift in Sources */ = {isa = PBXBuildFile; fileRef = F013D87E1E2FA21D006437AB /* SHCreditCardValidator.swift */; };
		F013D8B11E2FA21D006437AB /* SHKeyboardViewController.swift in Sources */ = {isa = PBXBuildFile; fileRef = F013D87F1E2FA21D006437AB /* SHKeyboardViewController.swift */; };
		F013D8B21E2FA21D006437AB /* SHLocalizationHelper.swift in Sources */ = {isa = PBXBuildFile; fileRef = F013D8801E2FA21D006437AB /* SHLocalizationHelper.swift */; };
		F013D8B31E2FA21D006437AB /* SHNotificationExtension.swift in Sources */ = {isa = PBXBuildFile; fileRef = F013D8811E2FA21D006437AB /* SHNotificationExtension.swift */; };
		F013D8B41E2FA21D006437AB /* SHSKProductExtension.swift in Sources */ = {isa = PBXBuildFile; fileRef = F013D8821E2FA21D006437AB /* SHSKProductExtension.swift */; };
		F013D8B51E2FA21D006437AB /* SHAttributedLabel.swift in Sources */ = {isa = PBXBuildFile; fileRef = F013D8841E2FA21D006437AB /* SHAttributedLabel.swift */; };
		F013D8B61E2FA21D006437AB /* SHCALayerExtension.swift in Sources */ = {isa = PBXBuildFile; fileRef = F013D8851E2FA21D006437AB /* SHCALayerExtension.swift */; };
		F013D8B71E2FA21D006437AB /* SHCircleView.swift in Sources */ = {isa = PBXBuildFile; fileRef = F013D8861E2FA21D006437AB /* SHCircleView.swift */; };
		F013D8B81E2FA21D006437AB /* SHCommonInitView.swift in Sources */ = {isa = PBXBuildFile; fileRef = F013D8871E2FA21D006437AB /* SHCommonInitView.swift */; };
		F013D8B91E2FA21D006437AB /* SHDatePickerController.swift in Sources */ = {isa = PBXBuildFile; fileRef = F013D8881E2FA21D006437AB /* SHDatePickerController.swift */; };
		F013D8BA1E2FA21D006437AB /* SHGif.swift in Sources */ = {isa = PBXBuildFile; fileRef = F013D8891E2FA21D006437AB /* SHGif.swift */; };
		F013D8BB1E2FA21D006437AB /* SHGradientView.swift in Sources */ = {isa = PBXBuildFile; fileRef = F013D88A1E2FA21D006437AB /* SHGradientView.swift */; };
		F013D8BC1E2FA21D006437AB /* SHIBInspectableExtension.swift in Sources */ = {isa = PBXBuildFile; fileRef = F013D88B1E2FA21D006437AB /* SHIBInspectableExtension.swift */; };
		F013D8BD1E2FA21D006437AB /* SHNavigationControllerExtention.swift in Sources */ = {isa = PBXBuildFile; fileRef = F013D88C1E2FA21D006437AB /* SHNavigationControllerExtention.swift */; };
		F013D8BE1E2FA21D006437AB /* SHNoBackTitleViewController.swift in Sources */ = {isa = PBXBuildFile; fileRef = F013D88D1E2FA21D006437AB /* SHNoBackTitleViewController.swift */; };
		F013D8BF1E2FA21D006437AB /* SHPagedScrollView.swift in Sources */ = {isa = PBXBuildFile; fileRef = F013D88E1E2FA21D006437AB /* SHPagedScrollView.swift */; };
		F013D8C01E2FA21D006437AB /* SHRightImageButton.swift in Sources */ = {isa = PBXBuildFile; fileRef = F013D88F1E2FA21D006437AB /* SHRightImageButton.swift */; };
		F013D8C11E2FA21D006437AB /* SHSeparatorView.swift in Sources */ = {isa = PBXBuildFile; fileRef = F013D8901E2FA21D006437AB /* SHSeparatorView.swift */; };
		F013D8C21E2FA21D006437AB /* SHStatusBarNavigationController.swift in Sources */ = {isa = PBXBuildFile; fileRef = F013D8911E2FA21D006437AB /* SHStatusBarNavigationController.swift */; };
		F013D8C31E2FA21D006437AB /* SHTextField.swift in Sources */ = {isa = PBXBuildFile; fileRef = F013D8921E2FA21D006437AB /* SHTextField.swift */; };
		F013D8C41E2FA21D006437AB /* SHUIAlertController.swift in Sources */ = {isa = PBXBuildFile; fileRef = F013D8931E2FA21D006437AB /* SHUIAlertController.swift */; };
		F013D8C51E2FA21D006437AB /* SHUIButtonExtension.swift in Sources */ = {isa = PBXBuildFile; fileRef = F013D8941E2FA21D006437AB /* SHUIButtonExtension.swift */; };
		F013D8C61E2FA21D006437AB /* SHUIColorExtension.swift in Sources */ = {isa = PBXBuildFile; fileRef = F013D8951E2FA21D006437AB /* SHUIColorExtension.swift */; };
		F013D8C71E2FA21D006437AB /* SHUIFontExtension.swift in Sources */ = {isa = PBXBuildFile; fileRef = F013D8961E2FA21D006437AB /* SHUIFontExtension.swift */; };
		F013D8C81E2FA21D006437AB /* SHUIImageExtension.swift in Sources */ = {isa = PBXBuildFile; fileRef = F013D8971E2FA21D006437AB /* SHUIImageExtension.swift */; };
		F013D8C91E2FA21D006437AB /* SHUINavigationBarExtension.swift in Sources */ = {isa = PBXBuildFile; fileRef = F013D8981E2FA21D006437AB /* SHUINavigationBarExtension.swift */; };
		F013D8CA1E2FA21D006437AB /* SHUIScreenExtension.swift in Sources */ = {isa = PBXBuildFile; fileRef = F013D8991E2FA21D006437AB /* SHUIScreenExtension.swift */; };
		F013D8CB1E2FA21D006437AB /* SHUIScrollViewExtension.swift in Sources */ = {isa = PBXBuildFile; fileRef = F013D89A1E2FA21D006437AB /* SHUIScrollViewExtension.swift */; };
		F013D8CC1E2FA21D006437AB /* SHUITextFieldExtension.swift in Sources */ = {isa = PBXBuildFile; fileRef = F013D89B1E2FA21D006437AB /* SHUITextFieldExtension.swift */; };
		F013D8CD1E2FA21D006437AB /* SHUIViewControllerExtension.swift in Sources */ = {isa = PBXBuildFile; fileRef = F013D89C1E2FA21D006437AB /* SHUIViewControllerExtension.swift */; };
		F013D8CE1E2FA21D006437AB /* SHUIViewExtension.swift in Sources */ = {isa = PBXBuildFile; fileRef = F013D89D1E2FA21D006437AB /* SHUIViewExtension.swift */; };
/* End PBXBuildFile section */

/* Begin PBXContainerItemProxy section */
		B0BF98ED1A667CFA0085ADA4 /* PBXContainerItemProxy */ = {
			isa = PBXContainerItemProxy;
			containerPortal = B0BF98D71A667CF90085ADA4 /* Project object */;
			proxyType = 1;
			remoteGlobalIDString = B0BF98DF1A667CFA0085ADA4;
			remoteInfo = SwiftHelpers;
		};
/* End PBXContainerItemProxy section */

/* Begin PBXFileReference section */
		5815F19D1E87455A00FFAE40 /* NumbersConvertion.swift */ = {isa = PBXFileReference; fileEncoding = 4; lastKnownFileType = sourcecode.swift; path = NumbersConvertion.swift; sourceTree = "<group>"; };
		5822DFDC1F5D957200A5C8D7 /* SHMailExtension.swift */ = {isa = PBXFileReference; fileEncoding = 4; lastKnownFileType = sourcecode.swift; path = SHMailExtension.swift; sourceTree = "<group>"; };
		586B734E1C83A90500934192 /* SHOperationTests.swift */ = {isa = PBXFileReference; fileEncoding = 4; lastKnownFileType = sourcecode.swift; path = SHOperationTests.swift; sourceTree = "<group>"; };
		58854D391C01E19900B3F303 /* CommonInitTests.swift */ = {isa = PBXFileReference; fileEncoding = 4; lastKnownFileType = sourcecode.swift; path = CommonInitTests.swift; sourceTree = "<group>"; };
		588D09B31E88965D002D7AB8 /* SHNamedEntity.swift */ = {isa = PBXFileReference; fileEncoding = 4; lastKnownFileType = sourcecode.swift; path = SHNamedEntity.swift; sourceTree = "<group>"; };
		588D09B51E889BDB002D7AB8 /* SHComparisonHelpers.swift */ = {isa = PBXFileReference; fileEncoding = 4; lastKnownFileType = sourcecode.swift; path = SHComparisonHelpers.swift; sourceTree = "<group>"; };
		58BF429A1C44014D009AE63D /* NSURLRequestCURLTests.swift */ = {isa = PBXFileReference; fileEncoding = 4; lastKnownFileType = sourcecode.swift; path = NSURLRequestCURLTests.swift; sourceTree = "<group>"; };
		9C3D7BCE1D2A66DE0017B3D6 /* SHNSObjectExtensionTests.swift */ = {isa = PBXFileReference; fileEncoding = 4; lastKnownFileType = sourcecode.swift; path = SHNSObjectExtensionTests.swift; sourceTree = "<group>"; };
		B045E7E01A695EA700046449 /* SwiftHelpers.podspec */ = {isa = PBXFileReference; fileEncoding = 4; lastKnownFileType = text; path = SwiftHelpers.podspec; sourceTree = "<group>"; };
		B053A0071AC353D700278644 /* StringExtensionTests.swift */ = {isa = PBXFileReference; fileEncoding = 4; lastKnownFileType = sourcecode.swift; path = StringExtensionTests.swift; sourceTree = "<group>"; };
		B066D6851A7646900069C258 /* UIColorExtensionTests.swift */ = {isa = PBXFileReference; fileEncoding = 4; lastKnownFileType = sourcecode.swift; path = UIColorExtensionTests.swift; sourceTree = "<group>"; };
		B075FF701A6D10D200ACD798 /* ComparisonHelperTests.swift */ = {isa = PBXFileReference; fileEncoding = 4; lastKnownFileType = sourcecode.swift; path = ComparisonHelperTests.swift; sourceTree = "<group>"; };
		B09F59741B4204AB00EB9220 /* DateProximityTests.swift */ = {isa = PBXFileReference; fileEncoding = 4; lastKnownFileType = sourcecode.swift; path = DateProximityTests.swift; sourceTree = "<group>"; };
		B0BF98E01A667CFA0085ADA4 /* SwiftHelpers.framework */ = {isa = PBXFileReference; explicitFileType = wrapper.framework; includeInIndex = 0; path = SwiftHelpers.framework; sourceTree = BUILT_PRODUCTS_DIR; };
		B0BF98E41A667CFA0085ADA4 /* Info.plist */ = {isa = PBXFileReference; lastKnownFileType = text.plist.xml; path = Info.plist; sourceTree = "<group>"; };
		B0BF98E51A667CFA0085ADA4 /* SwiftHelpers.h */ = {isa = PBXFileReference; lastKnownFileType = sourcecode.c.h; path = SwiftHelpers.h; sourceTree = "<group>"; };
		B0BF98EB1A667CFA0085ADA4 /* SwiftHelpersTests.xctest */ = {isa = PBXFileReference; explicitFileType = wrapper.cfbundle; includeInIndex = 0; path = SwiftHelpersTests.xctest; sourceTree = BUILT_PRODUCTS_DIR; };
		B0BF98F11A667CFA0085ADA4 /* Info.plist */ = {isa = PBXFileReference; lastKnownFileType = text.plist.xml; path = Info.plist; sourceTree = "<group>"; };
		B0BF98F21A667CFA0085ADA4 /* NSDateExtensionTests.swift */ = {isa = PBXFileReference; lastKnownFileType = sourcecode.swift; path = NSDateExtensionTests.swift; sourceTree = "<group>"; };
		B0BF991B1A6686F00085ADA4 /* README.md */ = {isa = PBXFileReference; fileEncoding = 4; lastKnownFileType = net.daringfireball.markdown; path = README.md; sourceTree = "<group>"; };
		B0BF993E1A66C3660085ADA4 /* ArrayExtensionTests.swift */ = {isa = PBXFileReference; fileEncoding = 4; lastKnownFileType = sourcecode.swift; path = ArrayExtensionTests.swift; sourceTree = "<group>"; };
		B0BF99401A66C4510085ADA4 /* IntExtensionTests.swift */ = {isa = PBXFileReference; fileEncoding = 4; lastKnownFileType = sourcecode.swift; path = IntExtensionTests.swift; sourceTree = "<group>"; };
		F013D7F91E2F81CF006437AB /* LocalizationTests.swift */ = {isa = PBXFileReference; fileEncoding = 4; lastKnownFileType = sourcecode.swift; path = LocalizationTests.swift; sourceTree = "<group>"; };
		F013D7FF1E2F8577006437AB /* en */ = {isa = PBXFileReference; lastKnownFileType = text.plist.strings; name = en; path = en.lproj/Localizable.strings; sourceTree = "<group>"; };
		F013D8691E2FA21D006437AB /* SHArrayExtension.swift */ = {isa = PBXFileReference; fileEncoding = 4; lastKnownFileType = sourcecode.swift; path = SHArrayExtension.swift; sourceTree = "<group>"; };
		F013D86A1E2FA21D006437AB /* SHComparisonHelper.swift */ = {isa = PBXFileReference; fileEncoding = 4; lastKnownFileType = sourcecode.swift; path = SHComparisonHelper.swift; sourceTree = "<group>"; };
		F013D86B1E2FA21D006437AB /* SHDegreesToRadiansExtension.swift */ = {isa = PBXFileReference; fileEncoding = 4; lastKnownFileType = sourcecode.swift; path = SHDegreesToRadiansExtension.swift; sourceTree = "<group>"; };
		F013D86C1E2FA21D006437AB /* SHDeviceType.swift */ = {isa = PBXFileReference; fileEncoding = 4; lastKnownFileType = sourcecode.swift; path = SHDeviceType.swift; sourceTree = "<group>"; };
		F013D86D1E2FA21D006437AB /* SHIntExtension.swift */ = {isa = PBXFileReference; fileEncoding = 4; lastKnownFileType = sourcecode.swift; path = SHIntExtension.swift; sourceTree = "<group>"; };
		F013D86E1E2FA21D006437AB /* SHNSDataExtension.swift */ = {isa = PBXFileReference; fileEncoding = 4; lastKnownFileType = sourcecode.swift; path = SHNSDataExtension.swift; sourceTree = "<group>"; };
		F013D86F1E2FA21D006437AB /* SHNSObjectExtension.swift */ = {isa = PBXFileReference; fileEncoding = 4; lastKnownFileType = sourcecode.swift; path = SHNSObjectExtension.swift; sourceTree = "<group>"; };
		F013D8701E2FA21D006437AB /* SHNSTimerExtension.swift */ = {isa = PBXFileReference; fileEncoding = 4; lastKnownFileType = sourcecode.swift; path = SHNSTimerExtension.swift; sourceTree = "<group>"; };
		F013D8711E2FA21D006437AB /* SHNumberExtension.swift */ = {isa = PBXFileReference; fileEncoding = 4; lastKnownFileType = sourcecode.swift; path = SHNumberExtension.swift; sourceTree = "<group>"; };
		F013D8721E2FA21D006437AB /* SHOperation.swift */ = {isa = PBXFileReference; fileEncoding = 4; lastKnownFileType = sourcecode.swift; path = SHOperation.swift; sourceTree = "<group>"; };
		F013D8731E2FA21D006437AB /* SHStringExtension.swift */ = {isa = PBXFileReference; fileEncoding = 4; lastKnownFileType = sourcecode.swift; path = SHStringExtension.swift; sourceTree = "<group>"; };
		F013D8741E2FA21D006437AB /* URLRequestExtension.swift */ = {isa = PBXFileReference; fileEncoding = 4; lastKnownFileType = sourcecode.swift; path = URLRequestExtension.swift; sourceTree = "<group>"; };
		F013D8761E2FA21D006437AB /* SHCoreDataStack.swift */ = {isa = PBXFileReference; fileEncoding = 4; lastKnownFileType = sourcecode.swift; path = SHCoreDataStack.swift; sourceTree = "<group>"; };
		F013D8771E2FA21D006437AB /* SHManagedObjectContext+CascadeSave.swift */ = {isa = PBXFileReference; fileEncoding = 4; lastKnownFileType = sourcecode.swift; path = "SHManagedObjectContext+CascadeSave.swift"; sourceTree = "<group>"; };
		F013D8791E2FA21D006437AB /* SHDateFormatterProximity.swift */ = {isa = PBXFileReference; fileEncoding = 4; lastKnownFileType = sourcecode.swift; path = SHDateFormatterProximity.swift; sourceTree = "<group>"; };
		F013D87A1E2FA21D006437AB /* SHNSDateExtension.swift */ = {isa = PBXFileReference; fileEncoding = 4; lastKnownFileType = sourcecode.swift; path = SHNSDateExtension.swift; sourceTree = "<group>"; };
		F013D87B1E2FA21D006437AB /* SHNSDateFormatterExtension.swift */ = {isa = PBXFileReference; fileEncoding = 4; lastKnownFileType = sourcecode.swift; path = SHNSDateFormatterExtension.swift; sourceTree = "<group>"; };
		F013D87C1E2FA21D006437AB /* SHNSTimeIntervalExtension.swift */ = {isa = PBXFileReference; fileEncoding = 4; lastKnownFileType = sourcecode.swift; path = SHNSTimeIntervalExtension.swift; sourceTree = "<group>"; };
		F013D87E1E2FA21D006437AB /* SHCreditCardValidator.swift */ = {isa = PBXFileReference; fileEncoding = 4; lastKnownFileType = sourcecode.swift; path = SHCreditCardValidator.swift; sourceTree = "<group>"; };
		F013D87F1E2FA21D006437AB /* SHKeyboardViewController.swift */ = {isa = PBXFileReference; fileEncoding = 4; lastKnownFileType = sourcecode.swift; path = SHKeyboardViewController.swift; sourceTree = "<group>"; };
		F013D8801E2FA21D006437AB /* SHLocalizationHelper.swift */ = {isa = PBXFileReference; fileEncoding = 4; lastKnownFileType = sourcecode.swift; path = SHLocalizationHelper.swift; sourceTree = "<group>"; };
		F013D8811E2FA21D006437AB /* SHNotificationExtension.swift */ = {isa = PBXFileReference; fileEncoding = 4; lastKnownFileType = sourcecode.swift; path = SHNotificationExtension.swift; sourceTree = "<group>"; };
		F013D8821E2FA21D006437AB /* SHSKProductExtension.swift */ = {isa = PBXFileReference; fileEncoding = 4; lastKnownFileType = sourcecode.swift; path = SHSKProductExtension.swift; sourceTree = "<group>"; };
		F013D8841E2FA21D006437AB /* SHAttributedLabel.swift */ = {isa = PBXFileReference; fileEncoding = 4; lastKnownFileType = sourcecode.swift; path = SHAttributedLabel.swift; sourceTree = "<group>"; };
		F013D8851E2FA21D006437AB /* SHCALayerExtension.swift */ = {isa = PBXFileReference; fileEncoding = 4; lastKnownFileType = sourcecode.swift; path = SHCALayerExtension.swift; sourceTree = "<group>"; };
		F013D8861E2FA21D006437AB /* SHCircleView.swift */ = {isa = PBXFileReference; fileEncoding = 4; lastKnownFileType = sourcecode.swift; path = SHCircleView.swift; sourceTree = "<group>"; };
		F013D8871E2FA21D006437AB /* SHCommonInitView.swift */ = {isa = PBXFileReference; fileEncoding = 4; lastKnownFileType = sourcecode.swift; path = SHCommonInitView.swift; sourceTree = "<group>"; };
		F013D8881E2FA21D006437AB /* SHDatePickerController.swift */ = {isa = PBXFileReference; fileEncoding = 4; lastKnownFileType = sourcecode.swift; path = SHDatePickerController.swift; sourceTree = "<group>"; };
		F013D8891E2FA21D006437AB /* SHGif.swift */ = {isa = PBXFileReference; fileEncoding = 4; lastKnownFileType = sourcecode.swift; path = SHGif.swift; sourceTree = "<group>"; };
		F013D88A1E2FA21D006437AB /* SHGradientView.swift */ = {isa = PBXFileReference; fileEncoding = 4; lastKnownFileType = sourcecode.swift; path = SHGradientView.swift; sourceTree = "<group>"; };
		F013D88B1E2FA21D006437AB /* SHIBInspectableExtension.swift */ = {isa = PBXFileReference; fileEncoding = 4; lastKnownFileType = sourcecode.swift; path = SHIBInspectableExtension.swift; sourceTree = "<group>"; };
		F013D88C1E2FA21D006437AB /* SHNavigationControllerExtention.swift */ = {isa = PBXFileReference; fileEncoding = 4; lastKnownFileType = sourcecode.swift; path = SHNavigationControllerExtention.swift; sourceTree = "<group>"; };
		F013D88D1E2FA21D006437AB /* SHNoBackTitleViewController.swift */ = {isa = PBXFileReference; fileEncoding = 4; lastKnownFileType = sourcecode.swift; path = SHNoBackTitleViewController.swift; sourceTree = "<group>"; };
		F013D88E1E2FA21D006437AB /* SHPagedScrollView.swift */ = {isa = PBXFileReference; fileEncoding = 4; lastKnownFileType = sourcecode.swift; path = SHPagedScrollView.swift; sourceTree = "<group>"; };
		F013D88F1E2FA21D006437AB /* SHRightImageButton.swift */ = {isa = PBXFileReference; fileEncoding = 4; lastKnownFileType = sourcecode.swift; path = SHRightImageButton.swift; sourceTree = "<group>"; };
		F013D8901E2FA21D006437AB /* SHSeparatorView.swift */ = {isa = PBXFileReference; fileEncoding = 4; lastKnownFileType = sourcecode.swift; path = SHSeparatorView.swift; sourceTree = "<group>"; };
		F013D8911E2FA21D006437AB /* SHStatusBarNavigationController.swift */ = {isa = PBXFileReference; fileEncoding = 4; lastKnownFileType = sourcecode.swift; path = SHStatusBarNavigationController.swift; sourceTree = "<group>"; };
		F013D8921E2FA21D006437AB /* SHTextField.swift */ = {isa = PBXFileReference; fileEncoding = 4; lastKnownFileType = sourcecode.swift; path = SHTextField.swift; sourceTree = "<group>"; };
		F013D8931E2FA21D006437AB /* SHUIAlertController.swift */ = {isa = PBXFileReference; fileEncoding = 4; lastKnownFileType = sourcecode.swift; path = SHUIAlertController.swift; sourceTree = "<group>"; };
		F013D8941E2FA21D006437AB /* SHUIButtonExtension.swift */ = {isa = PBXFileReference; fileEncoding = 4; lastKnownFileType = sourcecode.swift; path = SHUIButtonExtension.swift; sourceTree = "<group>"; };
		F013D8951E2FA21D006437AB /* SHUIColorExtension.swift */ = {isa = PBXFileReference; fileEncoding = 4; lastKnownFileType = sourcecode.swift; path = SHUIColorExtension.swift; sourceTree = "<group>"; };
		F013D8961E2FA21D006437AB /* SHUIFontExtension.swift */ = {isa = PBXFileReference; fileEncoding = 4; lastKnownFileType = sourcecode.swift; path = SHUIFontExtension.swift; sourceTree = "<group>"; };
		F013D8971E2FA21D006437AB /* SHUIImageExtension.swift */ = {isa = PBXFileReference; fileEncoding = 4; lastKnownFileType = sourcecode.swift; path = SHUIImageExtension.swift; sourceTree = "<group>"; };
		F013D8981E2FA21D006437AB /* SHUINavigationBarExtension.swift */ = {isa = PBXFileReference; fileEncoding = 4; lastKnownFileType = sourcecode.swift; path = SHUINavigationBarExtension.swift; sourceTree = "<group>"; };
		F013D8991E2FA21D006437AB /* SHUIScreenExtension.swift */ = {isa = PBXFileReference; fileEncoding = 4; lastKnownFileType = sourcecode.swift; path = SHUIScreenExtension.swift; sourceTree = "<group>"; };
		F013D89A1E2FA21D006437AB /* SHUIScrollViewExtension.swift */ = {isa = PBXFileReference; fileEncoding = 4; lastKnownFileType = sourcecode.swift; path = SHUIScrollViewExtension.swift; sourceTree = "<group>"; };
		F013D89B1E2FA21D006437AB /* SHUITextFieldExtension.swift */ = {isa = PBXFileReference; fileEncoding = 4; lastKnownFileType = sourcecode.swift; path = SHUITextFieldExtension.swift; sourceTree = "<group>"; };
		F013D89C1E2FA21D006437AB /* SHUIViewControllerExtension.swift */ = {isa = PBXFileReference; fileEncoding = 4; lastKnownFileType = sourcecode.swift; path = SHUIViewControllerExtension.swift; sourceTree = "<group>"; };
		F013D89D1E2FA21D006437AB /* SHUIViewExtension.swift */ = {isa = PBXFileReference; fileEncoding = 4; lastKnownFileType = sourcecode.swift; path = SHUIViewExtension.swift; sourceTree = "<group>"; };
/* End PBXFileReference section */

/* Begin PBXFrameworksBuildPhase section */
		B0BF98DC1A667CFA0085ADA4 /* Frameworks */ = {
			isa = PBXFrameworksBuildPhase;
			buildActionMask = 2147483647;
			files = (
			);
			runOnlyForDeploymentPostprocessing = 0;
		};
		B0BF98E81A667CFA0085ADA4 /* Frameworks */ = {
			isa = PBXFrameworksBuildPhase;
			buildActionMask = 2147483647;
			files = (
				B0BF98EC1A667CFA0085ADA4 /* SwiftHelpers.framework in Frameworks */,
			);
			runOnlyForDeploymentPostprocessing = 0;
		};
/* End PBXFrameworksBuildPhase section */

/* Begin PBXGroup section */
		B0BF98D61A667CF90085ADA4 = {
			isa = PBXGroup;
			children = (
				B0BF991B1A6686F00085ADA4 /* README.md */,
				B045E7E01A695EA700046449 /* SwiftHelpers.podspec */,
				B0BF98E21A667CFA0085ADA4 /* SwiftHelpers */,
				B0BF98E11A667CFA0085ADA4 /* Products */,
			);
			sourceTree = "<group>";
		};
		B0BF98E11A667CFA0085ADA4 /* Products */ = {
			isa = PBXGroup;
			children = (
				B0BF98E01A667CFA0085ADA4 /* SwiftHelpers.framework */,
				B0BF98EB1A667CFA0085ADA4 /* SwiftHelpersTests.xctest */,
			);
			name = Products;
			sourceTree = "<group>";
		};
		B0BF98E21A667CFA0085ADA4 /* SwiftHelpers */ = {
			isa = PBXGroup;
			children = (
				F013D8681E2FA21D006437AB /* Core */,
				F013D8751E2FA21D006437AB /* CoreData */,
				F013D8781E2FA21D006437AB /* Date-Time */,
				F013D87D1E2FA21D006437AB /* Misc */,
				F013D8831E2FA21D006437AB /* UI */,
				B0BF98E31A667CFA0085ADA4 /* Supporting Files */,
				B0BF98E51A667CFA0085ADA4 /* SwiftHelpers.h */,
				B0BF98EF1A667CFA0085ADA4 /* SwiftHelpersTests */,
			);
			path = SwiftHelpers;
			sourceTree = "<group>";
		};
		B0BF98E31A667CFA0085ADA4 /* Supporting Files */ = {
			isa = PBXGroup;
			children = (
				B0BF98E41A667CFA0085ADA4 /* Info.plist */,
			);
			name = "Supporting Files";
			sourceTree = "<group>";
		};
		B0BF98EF1A667CFA0085ADA4 /* SwiftHelpersTests */ = {
			isa = PBXGroup;
			children = (
				B0BF993E1A66C3660085ADA4 /* ArrayExtensionTests.swift */,
				58854D391C01E19900B3F303 /* CommonInitTests.swift */,
				B075FF701A6D10D200ACD798 /* ComparisonHelperTests.swift */,
				B09F59741B4204AB00EB9220 /* DateProximityTests.swift */,
				B0BF99401A66C4510085ADA4 /* IntExtensionTests.swift */,
				F013D7F91E2F81CF006437AB /* LocalizationTests.swift */,
				B0BF98F21A667CFA0085ADA4 /* NSDateExtensionTests.swift */,
				58BF429A1C44014D009AE63D /* NSURLRequestCURLTests.swift */,
				9C3D7BCE1D2A66DE0017B3D6 /* SHNSObjectExtensionTests.swift */,
				586B734E1C83A90500934192 /* SHOperationTests.swift */,
				B053A0071AC353D700278644 /* StringExtensionTests.swift */,
				B0BF98F01A667CFA0085ADA4 /* Supporting Files */,
				B066D6851A7646900069C258 /* UIColorExtensionTests.swift */,
			);
			path = SwiftHelpersTests;
			sourceTree = SOURCE_ROOT;
		};
		B0BF98F01A667CFA0085ADA4 /* Supporting Files */ = {
			isa = PBXGroup;
			children = (
				B0BF98F11A667CFA0085ADA4 /* Info.plist */,
				F013D8001E2F8577006437AB /* Localizable.strings */,
			);
			name = "Supporting Files";
			sourceTree = "<group>";
		};
		F013D8681E2FA21D006437AB /* Core */ = {
			isa = PBXGroup;
			children = (
				F013D8691E2FA21D006437AB /* SHArrayExtension.swift */,
				F013D86A1E2FA21D006437AB /* SHComparisonHelper.swift */,
				F013D86B1E2FA21D006437AB /* SHDegreesToRadiansExtension.swift */,
				F013D86C1E2FA21D006437AB /* SHDeviceType.swift */,
				F013D86D1E2FA21D006437AB /* SHIntExtension.swift */,
				F013D86E1E2FA21D006437AB /* SHNSDataExtension.swift */,
				F013D86F1E2FA21D006437AB /* SHNSObjectExtension.swift */,
				F013D8701E2FA21D006437AB /* SHNSTimerExtension.swift */,
				F013D8711E2FA21D006437AB /* SHNumberExtension.swift */,
				F013D8721E2FA21D006437AB /* SHOperation.swift */,
				F013D8731E2FA21D006437AB /* SHStringExtension.swift */,
				F013D8741E2FA21D006437AB /* URLRequestExtension.swift */,
				5815F19D1E87455A00FFAE40 /* NumbersConvertion.swift */,
				588D09B51E889BDB002D7AB8 /* SHComparisonHelpers.swift */,
				5822DFDC1F5D957200A5C8D7 /* SHMailExtension.swift */,
			);
			path = Core;
			sourceTree = "<group>";
		};
		F013D8751E2FA21D006437AB /* CoreData */ = {
			isa = PBXGroup;
			children = (
				F013D8761E2FA21D006437AB /* SHCoreDataStack.swift */,
				F013D8771E2FA21D006437AB /* SHManagedObjectContext+CascadeSave.swift */,
				588D09B31E88965D002D7AB8 /* SHNamedEntity.swift */,
			);
			path = CoreData;
			sourceTree = "<group>";
		};
		F013D8781E2FA21D006437AB /* Date-Time */ = {
			isa = PBXGroup;
			children = (
				F013D8791E2FA21D006437AB /* SHDateFormatterProximity.swift */,
				F013D87A1E2FA21D006437AB /* SHNSDateExtension.swift */,
				F013D87B1E2FA21D006437AB /* SHNSDateFormatterExtension.swift */,
				F013D87C1E2FA21D006437AB /* SHNSTimeIntervalExtension.swift */,
			);
			path = "Date-Time";
			sourceTree = "<group>";
		};
		F013D87D1E2FA21D006437AB /* Misc */ = {
			isa = PBXGroup;
			children = (
				F013D87E1E2FA21D006437AB /* SHCreditCardValidator.swift */,
				F013D87F1E2FA21D006437AB /* SHKeyboardViewController.swift */,
				F013D8801E2FA21D006437AB /* SHLocalizationHelper.swift */,
				F013D8811E2FA21D006437AB /* SHNotificationExtension.swift */,
				F013D8821E2FA21D006437AB /* SHSKProductExtension.swift */,
			);
			path = Misc;
			sourceTree = "<group>";
		};
		F013D8831E2FA21D006437AB /* UI */ = {
			isa = PBXGroup;
			children = (
				F013D8841E2FA21D006437AB /* SHAttributedLabel.swift */,
				F013D8851E2FA21D006437AB /* SHCALayerExtension.swift */,
				F013D8861E2FA21D006437AB /* SHCircleView.swift */,
				F013D8871E2FA21D006437AB /* SHCommonInitView.swift */,
				F013D8881E2FA21D006437AB /* SHDatePickerController.swift */,
				F013D8891E2FA21D006437AB /* SHGif.swift */,
				F013D88A1E2FA21D006437AB /* SHGradientView.swift */,
				F013D88B1E2FA21D006437AB /* SHIBInspectableExtension.swift */,
				F013D88C1E2FA21D006437AB /* SHNavigationControllerExtention.swift */,
				F013D88D1E2FA21D006437AB /* SHNoBackTitleViewController.swift */,
				F013D88E1E2FA21D006437AB /* SHPagedScrollView.swift */,
				F013D88F1E2FA21D006437AB /* SHRightImageButton.swift */,
				F013D8901E2FA21D006437AB /* SHSeparatorView.swift */,
				F013D8911E2FA21D006437AB /* SHStatusBarNavigationController.swift */,
				F013D8921E2FA21D006437AB /* SHTextField.swift */,
				F013D8931E2FA21D006437AB /* SHUIAlertController.swift */,
				F013D8941E2FA21D006437AB /* SHUIButtonExtension.swift */,
				F013D8951E2FA21D006437AB /* SHUIColorExtension.swift */,
				F013D8961E2FA21D006437AB /* SHUIFontExtension.swift */,
				F013D8971E2FA21D006437AB /* SHUIImageExtension.swift */,
				F013D8981E2FA21D006437AB /* SHUINavigationBarExtension.swift */,
				F013D8991E2FA21D006437AB /* SHUIScreenExtension.swift */,
				F013D89A1E2FA21D006437AB /* SHUIScrollViewExtension.swift */,
				F013D89B1E2FA21D006437AB /* SHUITextFieldExtension.swift */,
				F013D89C1E2FA21D006437AB /* SHUIViewControllerExtension.swift */,
				F013D89D1E2FA21D006437AB /* SHUIViewExtension.swift */,
			);
			path = UI;
			sourceTree = "<group>";
		};
/* End PBXGroup section */

/* Begin PBXHeadersBuildPhase section */
		B0BF98DD1A667CFA0085ADA4 /* Headers */ = {
			isa = PBXHeadersBuildPhase;
			buildActionMask = 2147483647;
			files = (
				B0BF98E61A667CFA0085ADA4 /* SwiftHelpers.h in Headers */,
			);
			runOnlyForDeploymentPostprocessing = 0;
		};
/* End PBXHeadersBuildPhase section */

/* Begin PBXNativeTarget section */
		B0BF98DF1A667CFA0085ADA4 /* SwiftHelpers */ = {
			isa = PBXNativeTarget;
			buildConfigurationList = B0BF98F61A667CFA0085ADA4 /* Build configuration list for PBXNativeTarget "SwiftHelpers" */;
			buildPhases = (
				B0BF98DB1A667CFA0085ADA4 /* Sources */,
				B0BF98DC1A667CFA0085ADA4 /* Frameworks */,
				B0BF98DD1A667CFA0085ADA4 /* Headers */,
				B0BF98DE1A667CFA0085ADA4 /* Resources */,
			);
			buildRules = (
			);
			dependencies = (
			);
			name = SwiftHelpers;
			productName = SwiftHelpers;
			productReference = B0BF98E01A667CFA0085ADA4 /* SwiftHelpers.framework */;
			productType = "com.apple.product-type.framework";
		};
		B0BF98EA1A667CFA0085ADA4 /* SwiftHelpersTests */ = {
			isa = PBXNativeTarget;
			buildConfigurationList = B0BF98F91A667CFA0085ADA4 /* Build configuration list for PBXNativeTarget "SwiftHelpersTests" */;
			buildPhases = (
				B0BF98E71A667CFA0085ADA4 /* Sources */,
				B0BF98E81A667CFA0085ADA4 /* Frameworks */,
				B0BF98E91A667CFA0085ADA4 /* Resources */,
			);
			buildRules = (
			);
			dependencies = (
				B0BF98EE1A667CFA0085ADA4 /* PBXTargetDependency */,
			);
			name = SwiftHelpersTests;
			productName = SwiftHelpersTests;
			productReference = B0BF98EB1A667CFA0085ADA4 /* SwiftHelpersTests.xctest */;
			productType = "com.apple.product-type.bundle.unit-test";
		};
/* End PBXNativeTarget section */

/* Begin PBXProject section */
		B0BF98D71A667CF90085ADA4 /* Project object */ = {
			isa = PBXProject;
			attributes = {
				LastSwiftMigration = 0700;
				LastSwiftUpdateCheck = 0700;
				LastUpgradeCheck = 0820;
				ORGANIZATIONNAME = Wopata;
				TargetAttributes = {
					B0BF98DF1A667CFA0085ADA4 = {
						CreatedOnToolsVersion = 6.1.1;
						LastSwiftMigration = 0800;
					};
					B0BF98EA1A667CFA0085ADA4 = {
						CreatedOnToolsVersion = 6.1.1;
						DevelopmentTeam = 659B2N7HE9;
						LastSwiftMigration = 0920;
					};
				};
			};
			buildConfigurationList = B0BF98DA1A667CF90085ADA4 /* Build configuration list for PBXProject "SwiftHelpers" */;
			compatibilityVersion = "Xcode 3.2";
			developmentRegion = English;
			hasScannedForEncodings = 0;
			knownRegions = (
				en,
			);
			mainGroup = B0BF98D61A667CF90085ADA4;
			productRefGroup = B0BF98E11A667CFA0085ADA4 /* Products */;
			projectDirPath = "";
			projectRoot = "";
			targets = (
				B0BF98DF1A667CFA0085ADA4 /* SwiftHelpers */,
				B0BF98EA1A667CFA0085ADA4 /* SwiftHelpersTests */,
			);
		};
/* End PBXProject section */

/* Begin PBXResourcesBuildPhase section */
		B0BF98DE1A667CFA0085ADA4 /* Resources */ = {
			isa = PBXResourcesBuildPhase;
			buildActionMask = 2147483647;
			files = (
				B045E7E11A695EA700046449 /* SwiftHelpers.podspec in Resources */,
			);
			runOnlyForDeploymentPostprocessing = 0;
		};
		B0BF98E91A667CFA0085ADA4 /* Resources */ = {
			isa = PBXResourcesBuildPhase;
			buildActionMask = 2147483647;
			files = (
				F013D7FE1E2F8577006437AB /* Localizable.strings in Resources */,
			);
			runOnlyForDeploymentPostprocessing = 0;
		};
/* End PBXResourcesBuildPhase section */

/* Begin PBXSourcesBuildPhase section */
		B0BF98DB1A667CFA0085ADA4 /* Sources */ = {
			isa = PBXSourcesBuildPhase;
			buildActionMask = 2147483647;
			files = (
				F013D8A21E2FA21D006437AB /* SHIntExtension.swift in Sources */,
				F013D8A61E2FA21D006437AB /* SHNumberExtension.swift in Sources */,
				F013D8A01E2FA21D006437AB /* SHDegreesToRadiansExtension.swift in Sources */,
				F013D8CD1E2FA21D006437AB /* SHUIViewControllerExtension.swift in Sources */,
				F013D8BB1E2FA21D006437AB /* SHGradientView.swift in Sources */,
				F013D89E1E2FA21D006437AB /* SHArrayExtension.swift in Sources */,
				F013D8CC1E2FA21D006437AB /* SHUITextFieldExtension.swift in Sources */,
				F013D8A31E2FA21D006437AB /* SHNSDataExtension.swift in Sources */,
				F013D8AF1E2FA21D006437AB /* SHNSTimeIntervalExtension.swift in Sources */,
				F013D8C11E2FA21D006437AB /* SHSeparatorView.swift in Sources */,
				F013D8AE1E2FA21D006437AB /* SHNSDateFormatterExtension.swift in Sources */,
				F013D8B81E2FA21D006437AB /* SHCommonInitView.swift in Sources */,
				F013D8C31E2FA21D006437AB /* SHTextField.swift in Sources */,
				F013D8B41E2FA21D006437AB /* SHSKProductExtension.swift in Sources */,
				F013D8CB1E2FA21D006437AB /* SHUIScrollViewExtension.swift in Sources */,
				F013D8C91E2FA21D006437AB /* SHUINavigationBarExtension.swift in Sources */,
				F013D8A11E2FA21D006437AB /* SHDeviceType.swift in Sources */,
				F013D8B91E2FA21D006437AB /* SHDatePickerController.swift in Sources */,
				F013D8BF1E2FA21D006437AB /* SHPagedScrollView.swift in Sources */,
				F013D8BC1E2FA21D006437AB /* SHIBInspectableExtension.swift in Sources */,
				F013D8C41E2FA21D006437AB /* SHUIAlertController.swift in Sources */,
				F013D8C21E2FA21D006437AB /* SHStatusBarNavigationController.swift in Sources */,
				F013D8BD1E2FA21D006437AB /* SHNavigationControllerExtention.swift in Sources */,
				F013D8A71E2FA21D006437AB /* SHOperation.swift in Sources */,
				F013D8AC1E2FA21D006437AB /* SHDateFormatterProximity.swift in Sources */,
				5822DFDD1F5D957200A5C8D7 /* SHMailExtension.swift in Sources */,
				F013D8B01E2FA21D006437AB /* SHCreditCardValidator.swift in Sources */,
				F013D8A51E2FA21D006437AB /* SHNSTimerExtension.swift in Sources */,
				F013D8BE1E2FA21D006437AB /* SHNoBackTitleViewController.swift in Sources */,
				F013D8CA1E2FA21D006437AB /* SHUIScreenExtension.swift in Sources */,
				588D09B61E889BDB002D7AB8 /* SHComparisonHelpers.swift in Sources */,
				588D09B41E88965D002D7AB8 /* SHNamedEntity.swift in Sources */,
				F013D8AD1E2FA21D006437AB /* SHNSDateExtension.swift in Sources */,
				F013D8A81E2FA21D006437AB /* SHStringExtension.swift in Sources */,
				F013D8AB1E2FA21D006437AB /* SHManagedObjectContext+CascadeSave.swift in Sources */,
				F013D8AA1E2FA21D006437AB /* SHCoreDataStack.swift in Sources */,
				F013D8CE1E2FA21D006437AB /* SHUIViewExtension.swift in Sources */,
				5815F19E1E87455A00FFAE40 /* NumbersConvertion.swift in Sources */,
				F013D8B11E2FA21D006437AB /* SHKeyboardViewController.swift in Sources */,
				F013D8B31E2FA21D006437AB /* SHNotificationExtension.swift in Sources */,
				F013D8C51E2FA21D006437AB /* SHUIButtonExtension.swift in Sources */,
				F013D8C71E2FA21D006437AB /* SHUIFontExtension.swift in Sources */,
				F013D8A91E2FA21D006437AB /* URLRequestExtension.swift in Sources */,
				F013D8B21E2FA21D006437AB /* SHLocalizationHelper.swift in Sources */,
				F013D8C01E2FA21D006437AB /* SHRightImageButton.swift in Sources */,
				F013D8BA1E2FA21D006437AB /* SHGif.swift in Sources */,
				F013D8C81E2FA21D006437AB /* SHUIImageExtension.swift in Sources */,
				F013D8C61E2FA21D006437AB /* SHUIColorExtension.swift in Sources */,
				F013D8B71E2FA21D006437AB /* SHCircleView.swift in Sources */,
				F013D8B51E2FA21D006437AB /* SHAttributedLabel.swift in Sources */,
				F013D89F1E2FA21D006437AB /* SHComparisonHelper.swift in Sources */,
				F013D8A41E2FA21D006437AB /* SHNSObjectExtension.swift in Sources */,
				F013D8B61E2FA21D006437AB /* SHCALayerExtension.swift in Sources */,
			);
			runOnlyForDeploymentPostprocessing = 0;
		};
		B0BF98E71A667CFA0085ADA4 /* Sources */ = {
			isa = PBXSourcesBuildPhase;
			buildActionMask = 2147483647;
			files = (
				58BF429B1C44014D009AE63D /* NSURLRequestCURLTests.swift in Sources */,
				586B734F1C83A90500934192 /* SHOperationTests.swift in Sources */,
				58272EA31C6CF20B00D7A3BF /* ArrayExtensionTests.swift in Sources */,
				F013D7FA1E2F81CF006437AB /* LocalizationTests.swift in Sources */,
				58272EA41C6CF21300D7A3BF /* IntExtensionTests.swift in Sources */,
				9C3D7BD01D2A67FB0017B3D6 /* SHNSObjectExtensionTests.swift in Sources */,
				58272EA51C6CF21A00D7A3BF /* NSDateExtensionTests.swift in Sources */,
				58272EA61C6CF22300D7A3BF /* ComparisonHelperTests.swift in Sources */,
				58272EA71C6CF22900D7A3BF /* UIColorExtensionTests.swift in Sources */,
				58272EA81C6CF23100D7A3BF /* StringExtensionTests.swift in Sources */,
				B09F59751B4204AB00EB9220 /* DateProximityTests.swift in Sources */,
			);
			runOnlyForDeploymentPostprocessing = 0;
		};
/* End PBXSourcesBuildPhase section */

/* Begin PBXTargetDependency section */
		B0BF98EE1A667CFA0085ADA4 /* PBXTargetDependency */ = {
			isa = PBXTargetDependency;
			target = B0BF98DF1A667CFA0085ADA4 /* SwiftHelpers */;
			targetProxy = B0BF98ED1A667CFA0085ADA4 /* PBXContainerItemProxy */;
		};
/* End PBXTargetDependency section */

/* Begin PBXVariantGroup section */
		F013D8001E2F8577006437AB /* Localizable.strings */ = {
			isa = PBXVariantGroup;
			children = (
				F013D7FF1E2F8577006437AB /* en */,
			);
			name = Localizable.strings;
			sourceTree = "<group>";
		};
/* End PBXVariantGroup section */

/* Begin XCBuildConfiguration section */
		B0BF98F41A667CFA0085ADA4 /* Debug */ = {
			isa = XCBuildConfiguration;
			buildSettings = {
				ALWAYS_SEARCH_USER_PATHS = NO;
				CLANG_CXX_LANGUAGE_STANDARD = "gnu++0x";
				CLANG_CXX_LIBRARY = "libc++";
				CLANG_ENABLE_MODULES = YES;
				CLANG_ENABLE_OBJC_ARC = YES;
				CLANG_WARN_BOOL_CONVERSION = YES;
				CLANG_WARN_CONSTANT_CONVERSION = YES;
				CLANG_WARN_DIRECT_OBJC_ISA_USAGE = YES_ERROR;
				CLANG_WARN_EMPTY_BODY = YES;
				CLANG_WARN_ENUM_CONVERSION = YES;
				CLANG_WARN_INFINITE_RECURSION = YES;
				CLANG_WARN_INT_CONVERSION = YES;
				CLANG_WARN_OBJC_ROOT_CLASS = YES_ERROR;
				CLANG_WARN_SUSPICIOUS_MOVE = YES;
				CLANG_WARN_UNREACHABLE_CODE = YES;
				CLANG_WARN__DUPLICATE_METHOD_MATCH = YES;
				"CODE_SIGN_IDENTITY[sdk=iphoneos*]" = "iPhone Developer";
				COPY_PHASE_STRIP = NO;
				CURRENT_PROJECT_VERSION = 1;
				ENABLE_STRICT_OBJC_MSGSEND = YES;
				ENABLE_TESTABILITY = YES;
				GCC_C_LANGUAGE_STANDARD = gnu99;
				GCC_DYNAMIC_NO_PIC = NO;
				GCC_NO_COMMON_BLOCKS = YES;
				GCC_OPTIMIZATION_LEVEL = 0;
				GCC_PREPROCESSOR_DEFINITIONS = (
					"DEBUG=1",
					"$(inherited)",
				);
				GCC_SYMBOLS_PRIVATE_EXTERN = NO;
				GCC_WARN_64_TO_32_BIT_CONVERSION = YES;
				GCC_WARN_ABOUT_RETURN_TYPE = YES_ERROR;
				GCC_WARN_UNDECLARED_SELECTOR = YES;
				GCC_WARN_UNINITIALIZED_AUTOS = YES_AGGRESSIVE;
				GCC_WARN_UNUSED_FUNCTION = YES;
				GCC_WARN_UNUSED_VARIABLE = YES;
				IPHONEOS_DEPLOYMENT_TARGET = 8.2;
				MTL_ENABLE_DEBUG_INFO = YES;
				ONLY_ACTIVE_ARCH = YES;
				SDKROOT = iphoneos;
				SWIFT_OPTIMIZATION_LEVEL = "-Onone";
				TARGETED_DEVICE_FAMILY = "1,2";
				VERSIONING_SYSTEM = "apple-generic";
				VERSION_INFO_PREFIX = "";
			};
			name = Debug;
		};
		B0BF98F51A667CFA0085ADA4 /* Release */ = {
			isa = XCBuildConfiguration;
			buildSettings = {
				ALWAYS_SEARCH_USER_PATHS = NO;
				CLANG_CXX_LANGUAGE_STANDARD = "gnu++0x";
				CLANG_CXX_LIBRARY = "libc++";
				CLANG_ENABLE_MODULES = YES;
				CLANG_ENABLE_OBJC_ARC = YES;
				CLANG_WARN_BOOL_CONVERSION = YES;
				CLANG_WARN_CONSTANT_CONVERSION = YES;
				CLANG_WARN_DIRECT_OBJC_ISA_USAGE = YES_ERROR;
				CLANG_WARN_EMPTY_BODY = YES;
				CLANG_WARN_ENUM_CONVERSION = YES;
				CLANG_WARN_INFINITE_RECURSION = YES;
				CLANG_WARN_INT_CONVERSION = YES;
				CLANG_WARN_OBJC_ROOT_CLASS = YES_ERROR;
				CLANG_WARN_SUSPICIOUS_MOVE = YES;
				CLANG_WARN_UNREACHABLE_CODE = YES;
				CLANG_WARN__DUPLICATE_METHOD_MATCH = YES;
				"CODE_SIGN_IDENTITY[sdk=iphoneos*]" = "iPhone Developer";
				COPY_PHASE_STRIP = YES;
				CURRENT_PROJECT_VERSION = 1;
				ENABLE_NS_ASSERTIONS = NO;
				ENABLE_STRICT_OBJC_MSGSEND = YES;
				GCC_C_LANGUAGE_STANDARD = gnu99;
				GCC_NO_COMMON_BLOCKS = YES;
				GCC_WARN_64_TO_32_BIT_CONVERSION = YES;
				GCC_WARN_ABOUT_RETURN_TYPE = YES_ERROR;
				GCC_WARN_UNDECLARED_SELECTOR = YES;
				GCC_WARN_UNINITIALIZED_AUTOS = YES_AGGRESSIVE;
				GCC_WARN_UNUSED_FUNCTION = YES;
				GCC_WARN_UNUSED_VARIABLE = YES;
				IPHONEOS_DEPLOYMENT_TARGET = 8.2;
				MTL_ENABLE_DEBUG_INFO = NO;
				SDKROOT = iphoneos;
				SWIFT_OPTIMIZATION_LEVEL = "-Owholemodule";
				TARGETED_DEVICE_FAMILY = "1,2";
				VALIDATE_PRODUCT = YES;
				VERSIONING_SYSTEM = "apple-generic";
				VERSION_INFO_PREFIX = "";
			};
			name = Release;
		};
		B0BF98F71A667CFA0085ADA4 /* Debug */ = {
			isa = XCBuildConfiguration;
			buildSettings = {
				CLANG_ENABLE_MODULES = YES;
				"CODE_SIGN_IDENTITY[sdk=iphoneos*]" = "";
				DEFINES_MODULE = YES;
				DYLIB_COMPATIBILITY_VERSION = 1;
				DYLIB_CURRENT_VERSION = 1;
				DYLIB_INSTALL_NAME_BASE = "@rpath";
				INFOPLIST_FILE = SwiftHelpers/Info.plist;
				INSTALL_PATH = "$(LOCAL_LIBRARY_DIR)/Frameworks";
				IPHONEOS_DEPLOYMENT_TARGET = 8.2;
				LD_RUNPATH_SEARCH_PATHS = "$(inherited) @executable_path/Frameworks @loader_path/Frameworks";
				PRODUCT_BUNDLE_IDENTIFIER = "com.wopata.$(PRODUCT_NAME:rfc1034identifier)";
				PRODUCT_NAME = "$(TARGET_NAME)";
				SKIP_INSTALL = YES;
				SWIFT_OPTIMIZATION_LEVEL = "-Onone";
				SWIFT_VERSION = 4.0;
			};
			name = Debug;
		};
		B0BF98F81A667CFA0085ADA4 /* Release */ = {
			isa = XCBuildConfiguration;
			buildSettings = {
				CLANG_ENABLE_MODULES = YES;
				"CODE_SIGN_IDENTITY[sdk=iphoneos*]" = "";
				DEFINES_MODULE = YES;
				DYLIB_COMPATIBILITY_VERSION = 1;
				DYLIB_CURRENT_VERSION = 1;
				DYLIB_INSTALL_NAME_BASE = "@rpath";
				INFOPLIST_FILE = SwiftHelpers/Info.plist;
				INSTALL_PATH = "$(LOCAL_LIBRARY_DIR)/Frameworks";
				IPHONEOS_DEPLOYMENT_TARGET = 8.2;
				LD_RUNPATH_SEARCH_PATHS = "$(inherited) @executable_path/Frameworks @loader_path/Frameworks";
				PRODUCT_BUNDLE_IDENTIFIER = "com.wopata.$(PRODUCT_NAME:rfc1034identifier)";
				PRODUCT_NAME = "$(TARGET_NAME)";
				SKIP_INSTALL = YES;
				SWIFT_VERSION = 4.0;
			};
			name = Release;
		};
		B0BF98FA1A667CFA0085ADA4 /* Debug */ = {
			isa = XCBuildConfiguration;
			buildSettings = {
				ALWAYS_EMBED_SWIFT_STANDARD_LIBRARIES = YES;
				DEVELOPMENT_TEAM = 659B2N7HE9;
				GCC_PREPROCESSOR_DEFINITIONS = (
					"DEBUG=1",
					"$(inherited)",
				);
				INFOPLIST_FILE = SwiftHelpersTests/Info.plist;
				IPHONEOS_DEPLOYMENT_TARGET = 9.2;
				LD_RUNPATH_SEARCH_PATHS = "$(inherited) @executable_path/Frameworks @loader_path/Frameworks";
				PRODUCT_BUNDLE_IDENTIFIER = "com.wopata.$(PRODUCT_NAME:rfc1034identifier)";
				PRODUCT_NAME = "$(TARGET_NAME)";
				SWIFT_SWIFT3_OBJC_INFERENCE = On;
				SWIFT_VERSION = 4.0;
			};
			name = Debug;
		};
		B0BF98FB1A667CFA0085ADA4 /* Release */ = {
			isa = XCBuildConfiguration;
			buildSettings = {
				ALWAYS_EMBED_SWIFT_STANDARD_LIBRARIES = YES;
				DEVELOPMENT_TEAM = 659B2N7HE9;
				INFOPLIST_FILE = SwiftHelpersTests/Info.plist;
				IPHONEOS_DEPLOYMENT_TARGET = 9.2;
				LD_RUNPATH_SEARCH_PATHS = "$(inherited) @executable_path/Frameworks @loader_path/Frameworks";
				PRODUCT_BUNDLE_IDENTIFIER = "com.wopata.$(PRODUCT_NAME:rfc1034identifier)";
				PRODUCT_NAME = "$(TARGET_NAME)";
				SWIFT_SWIFT3_OBJC_INFERENCE = On;
				SWIFT_VERSION = 4.0;
			};
			name = Release;
		};
/* End XCBuildConfiguration section */

/* Begin XCConfigurationList section */
		B0BF98DA1A667CF90085ADA4 /* Build configuration list for PBXProject "SwiftHelpers" */ = {
			isa = XCConfigurationList;
			buildConfigurations = (
				B0BF98F41A667CFA0085ADA4 /* Debug */,
				B0BF98F51A667CFA0085ADA4 /* Release */,
			);
			defaultConfigurationIsVisible = 0;
			defaultConfigurationName = Release;
		};
		B0BF98F61A667CFA0085ADA4 /* Build configuration list for PBXNativeTarget "SwiftHelpers" */ = {
			isa = XCConfigurationList;
			buildConfigurations = (
				B0BF98F71A667CFA0085ADA4 /* Debug */,
				B0BF98F81A667CFA0085ADA4 /* Release */,
			);
			defaultConfigurationIsVisible = 0;
			defaultConfigurationName = Release;
		};
		B0BF98F91A667CFA0085ADA4 /* Build configuration list for PBXNativeTarget "SwiftHelpersTests" */ = {
			isa = XCConfigurationList;
			buildConfigurations = (
				B0BF98FA1A667CFA0085ADA4 /* Debug */,
				B0BF98FB1A667CFA0085ADA4 /* Release */,
			);
			defaultConfigurationIsVisible = 0;
			defaultConfigurationName = Release;
		};
/* End XCConfigurationList section */
	};
	rootObject = B0BF98D71A667CF90085ADA4 /* Project object */;
}
